// !$*UTF8*$!
{
	archiveVersion = 1;
	classes = {
	};
	objectVersion = 55;
	objects = {

/* Begin PBXBuildFile section */
		219BDC65031BE7EADA7E876C /* Pods_Kosar.framework in Frameworks */ = {isa = PBXBuildFile; fileRef = 73A123F083EF7E2DE2FA4392 /* Pods_Kosar.framework */; };
		2B4473E828471E5A00DCC67D /* AppDelegate.m in Sources */ = {isa = PBXBuildFile; fileRef = 2B4473E728471E5A00DCC67D /* AppDelegate.m */; };
		2B4473EB28471E5A00DCC67D /* SceneDelegate.m in Sources */ = {isa = PBXBuildFile; fileRef = 2B4473EA28471E5A00DCC67D /* SceneDelegate.m */; };
		2B4473EE28471E5A00DCC67D /* ViewController.m in Sources */ = {isa = PBXBuildFile; fileRef = 2B4473ED28471E5A00DCC67D /* ViewController.m */; };
		2B4473F128471E5A00DCC67D /* Main.storyboard in Resources */ = {isa = PBXBuildFile; fileRef = 2B4473EF28471E5A00DCC67D /* Main.storyboard */; };
		2B4473F328471E5C00DCC67D /* Assets.xcassets in Resources */ = {isa = PBXBuildFile; fileRef = 2B4473F228471E5C00DCC67D /* Assets.xcassets */; };
		2B4473F628471E5C00DCC67D /* LaunchScreen.storyboard in Resources */ = {isa = PBXBuildFile; fileRef = 2B4473F428471E5C00DCC67D /* LaunchScreen.storyboard */; };
		2B4473F928471E5C00DCC67D /* main.m in Sources */ = {isa = PBXBuildFile; fileRef = 2B4473F828471E5C00DCC67D /* main.m */; };
		2B44740328471E5D00DCC67D /* KosarTests.m in Sources */ = {isa = PBXBuildFile; fileRef = 2B44740228471E5D00DCC67D /* KosarTests.m */; };
		2B44740D28471E5D00DCC67D /* KosarUITests.m in Sources */ = {isa = PBXBuildFile; fileRef = 2B44740C28471E5D00DCC67D /* KosarUITests.m */; };
		2B44740F28471E5D00DCC67D /* KosarUITestsLaunchTests.m in Sources */ = {isa = PBXBuildFile; fileRef = 2B44740E28471E5D00DCC67D /* KosarUITestsLaunchTests.m */; };
		2B44741D2847200B00DCC67D /* JTKMainController.m in Sources */ = {isa = PBXBuildFile; fileRef = 2B44741C2847200B00DCC67D /* JTKMainController.m */; };
		2B4474202847412900DCC67D /* JTKHomeController.m in Sources */ = {isa = PBXBuildFile; fileRef = 2B44741F2847412900DCC67D /* JTKHomeController.m */; };
		2B447423284793A800DCC67D /* JTKContainerSchemeHelper.m in Sources */ = {isa = PBXBuildFile; fileRef = 2B447422284793A800DCC67D /* JTKContainerSchemeHelper.m */; };
		616468926ECA3C422703DBCE /* Pods_KosarTests.framework in Frameworks */ = {isa = PBXBuildFile; fileRef = 64527FE02D2BA87EEE632233 /* Pods_KosarTests.framework */; };
		969EE3AFCA35E3704CA11E6E /* Pods_Kosar_KosarUITests.framework in Frameworks */ = {isa = PBXBuildFile; fileRef = C6E296520C11AEB8527CA22A /* Pods_Kosar_KosarUITests.framework */; };
/* End PBXBuildFile section */

/* Begin PBXContainerItemProxy section */
		2B4473FF28471E5D00DCC67D /* PBXContainerItemProxy */ = {
			isa = PBXContainerItemProxy;
			containerPortal = 2B4473DB28471E5A00DCC67D /* Project object */;
			proxyType = 1;
			remoteGlobalIDString = 2B4473E228471E5A00DCC67D;
			remoteInfo = Kosar;
		};
		2B44740928471E5D00DCC67D /* PBXContainerItemProxy */ = {
			isa = PBXContainerItemProxy;
			containerPortal = 2B4473DB28471E5A00DCC67D /* Project object */;
			proxyType = 1;
			remoteGlobalIDString = 2B4473E228471E5A00DCC67D;
			remoteInfo = Kosar;
		};
/* End PBXContainerItemProxy section */

/* Begin PBXFileReference section */
		2B4473E328471E5A00DCC67D /* Kosar.app */ = {isa = PBXFileReference; explicitFileType = wrapper.application; includeInIndex = 0; path = Kosar.app; sourceTree = BUILT_PRODUCTS_DIR; };
		2B4473E628471E5A00DCC67D /* AppDelegate.h */ = {isa = PBXFileReference; lastKnownFileType = sourcecode.c.h; path = AppDelegate.h; sourceTree = "<group>"; };
		2B4473E728471E5A00DCC67D /* AppDelegate.m */ = {isa = PBXFileReference; lastKnownFileType = sourcecode.c.objc; path = AppDelegate.m; sourceTree = "<group>"; };
		2B4473E928471E5A00DCC67D /* SceneDelegate.h */ = {isa = PBXFileReference; lastKnownFileType = sourcecode.c.h; path = SceneDelegate.h; sourceTree = "<group>"; };
		2B4473EA28471E5A00DCC67D /* SceneDelegate.m */ = {isa = PBXFileReference; lastKnownFileType = sourcecode.c.objc; path = SceneDelegate.m; sourceTree = "<group>"; };
		2B4473EC28471E5A00DCC67D /* ViewController.h */ = {isa = PBXFileReference; lastKnownFileType = sourcecode.c.h; path = ViewController.h; sourceTree = "<group>"; };
		2B4473ED28471E5A00DCC67D /* ViewController.m */ = {isa = PBXFileReference; lastKnownFileType = sourcecode.c.objc; path = ViewController.m; sourceTree = "<group>"; };
		2B4473F028471E5A00DCC67D /* Base */ = {isa = PBXFileReference; lastKnownFileType = file.storyboard; name = Base; path = Base.lproj/Main.storyboard; sourceTree = "<group>"; };
		2B4473F228471E5C00DCC67D /* Assets.xcassets */ = {isa = PBXFileReference; lastKnownFileType = folder.assetcatalog; path = Assets.xcassets; sourceTree = "<group>"; };
		2B4473F528471E5C00DCC67D /* Base */ = {isa = PBXFileReference; lastKnownFileType = file.storyboard; name = Base; path = Base.lproj/LaunchScreen.storyboard; sourceTree = "<group>"; };
		2B4473F728471E5C00DCC67D /* Info.plist */ = {isa = PBXFileReference; lastKnownFileType = text.plist.xml; path = Info.plist; sourceTree = "<group>"; };
		2B4473F828471E5C00DCC67D /* main.m */ = {isa = PBXFileReference; lastKnownFileType = sourcecode.c.objc; path = main.m; sourceTree = "<group>"; };
		2B4473FE28471E5D00DCC67D /* KosarTests.xctest */ = {isa = PBXFileReference; explicitFileType = wrapper.cfbundle; includeInIndex = 0; path = KosarTests.xctest; sourceTree = BUILT_PRODUCTS_DIR; };
		2B44740228471E5D00DCC67D /* KosarTests.m */ = {isa = PBXFileReference; lastKnownFileType = sourcecode.c.objc; path = KosarTests.m; sourceTree = "<group>"; };
		2B44740828471E5D00DCC67D /* KosarUITests.xctest */ = {isa = PBXFileReference; explicitFileType = wrapper.cfbundle; includeInIndex = 0; path = KosarUITests.xctest; sourceTree = BUILT_PRODUCTS_DIR; };
		2B44740C28471E5D00DCC67D /* KosarUITests.m */ = {isa = PBXFileReference; lastKnownFileType = sourcecode.c.objc; path = KosarUITests.m; sourceTree = "<group>"; };
		2B44740E28471E5D00DCC67D /* KosarUITestsLaunchTests.m */ = {isa = PBXFileReference; lastKnownFileType = sourcecode.c.objc; path = KosarUITestsLaunchTests.m; sourceTree = "<group>"; };
		2B44741B28471FAC00DCC67D /* JTKMainController.h */ = {isa = PBXFileReference; lastKnownFileType = sourcecode.c.h; path = JTKMainController.h; sourceTree = "<group>"; };
		2B44741C2847200B00DCC67D /* JTKMainController.m */ = {isa = PBXFileReference; lastKnownFileType = sourcecode.c.objc; path = JTKMainController.m; sourceTree = "<group>"; };
		2B44741E28473CD900DCC67D /* JTKHomeController.h */ = {isa = PBXFileReference; lastKnownFileType = sourcecode.c.h; path = JTKHomeController.h; sourceTree = "<group>"; };
		2B44741F2847412900DCC67D /* JTKHomeController.m */ = {isa = PBXFileReference; lastKnownFileType = sourcecode.c.objc; path = JTKHomeController.m; sourceTree = "<group>"; };
		2B447421284790F200DCC67D /* JTKContainerSchemeHelper.h */ = {isa = PBXFileReference; lastKnownFileType = sourcecode.c.h; path = JTKContainerSchemeHelper.h; sourceTree = "<group>"; };
		2B447422284793A800DCC67D /* JTKContainerSchemeHelper.m */ = {isa = PBXFileReference; lastKnownFileType = sourcecode.c.objc; path = JTKContainerSchemeHelper.m; sourceTree = "<group>"; };
		417215E5A532946E66792EBF /* Pods-Kosar-KosarUITests.debug.xcconfig */ = {isa = PBXFileReference; includeInIndex = 1; lastKnownFileType = text.xcconfig; name = "Pods-Kosar-KosarUITests.debug.xcconfig"; path = "Target Support Files/Pods-Kosar-KosarUITests/Pods-Kosar-KosarUITests.debug.xcconfig"; sourceTree = "<group>"; };
		42C0B351D327C7DD23D27904 /* Pods-Kosar.release.xcconfig */ = {isa = PBXFileReference; includeInIndex = 1; lastKnownFileType = text.xcconfig; name = "Pods-Kosar.release.xcconfig"; path = "Target Support Files/Pods-Kosar/Pods-Kosar.release.xcconfig"; sourceTree = "<group>"; };
		4D1C433F2FBC8BF31CF48F33 /* Pods-Kosar.debug.xcconfig */ = {isa = PBXFileReference; includeInIndex = 1; lastKnownFileType = text.xcconfig; name = "Pods-Kosar.debug.xcconfig"; path = "Target Support Files/Pods-Kosar/Pods-Kosar.debug.xcconfig"; sourceTree = "<group>"; };
		5FB37B0BE871EE855025D90F /* Pods-KosarTests.release.xcconfig */ = {isa = PBXFileReference; includeInIndex = 1; lastKnownFileType = text.xcconfig; name = "Pods-KosarTests.release.xcconfig"; path = "Target Support Files/Pods-KosarTests/Pods-KosarTests.release.xcconfig"; sourceTree = "<group>"; };
		64527FE02D2BA87EEE632233 /* Pods_KosarTests.framework */ = {isa = PBXFileReference; explicitFileType = wrapper.framework; includeInIndex = 0; path = Pods_KosarTests.framework; sourceTree = BUILT_PRODUCTS_DIR; };
		73A123F083EF7E2DE2FA4392 /* Pods_Kosar.framework */ = {isa = PBXFileReference; explicitFileType = wrapper.framework; includeInIndex = 0; path = Pods_Kosar.framework; sourceTree = BUILT_PRODUCTS_DIR; };
		9CF5B46CE65F5B7E1E0D8515 /* Pods-KosarTests.debug.xcconfig */ = {isa = PBXFileReference; includeInIndex = 1; lastKnownFileType = text.xcconfig; name = "Pods-KosarTests.debug.xcconfig"; path = "Target Support Files/Pods-KosarTests/Pods-KosarTests.debug.xcconfig"; sourceTree = "<group>"; };
		9F70C5C49C980D6B30560090 /* Pods-Kosar-KosarUITests.release.xcconfig */ = {isa = PBXFileReference; includeInIndex = 1; lastKnownFileType = text.xcconfig; name = "Pods-Kosar-KosarUITests.release.xcconfig"; path = "Target Support Files/Pods-Kosar-KosarUITests/Pods-Kosar-KosarUITests.release.xcconfig"; sourceTree = "<group>"; };
		C6E296520C11AEB8527CA22A /* Pods_Kosar_KosarUITests.framework */ = {isa = PBXFileReference; explicitFileType = wrapper.framework; includeInIndex = 0; path = Pods_Kosar_KosarUITests.framework; sourceTree = BUILT_PRODUCTS_DIR; };
/* End PBXFileReference section */

/* Begin PBXFrameworksBuildPhase section */
		2B4473E028471E5A00DCC67D /* Frameworks */ = {
			isa = PBXFrameworksBuildPhase;
			buildActionMask = 2147483647;
			files = (
				219BDC65031BE7EADA7E876C /* Pods_Kosar.framework in Frameworks */,
			);
			runOnlyForDeploymentPostprocessing = 0;
		};
		2B4473FB28471E5D00DCC67D /* Frameworks */ = {
			isa = PBXFrameworksBuildPhase;
			buildActionMask = 2147483647;
			files = (
				616468926ECA3C422703DBCE /* Pods_KosarTests.framework in Frameworks */,
			);
			runOnlyForDeploymentPostprocessing = 0;
		};
		2B44740528471E5D00DCC67D /* Frameworks */ = {
			isa = PBXFrameworksBuildPhase;
			buildActionMask = 2147483647;
			files = (
				969EE3AFCA35E3704CA11E6E /* Pods_Kosar_KosarUITests.framework in Frameworks */,
			);
			runOnlyForDeploymentPostprocessing = 0;
		};
/* End PBXFrameworksBuildPhase section */

/* Begin PBXGroup section */
		2B4473DA28471E5A00DCC67D = {
			isa = PBXGroup;
			children = (
				2B4473E528471E5A00DCC67D /* Kosar */,
				2B44740128471E5D00DCC67D /* KosarTests */,
				2B44740B28471E5D00DCC67D /* KosarUITests */,
				2B4473E428471E5A00DCC67D /* Products */,
				70873D0FDDBBAD546B0A6B40 /* Pods */,
				E84990A97D400930016CDA1D /* Frameworks */,
			);
			sourceTree = "<group>";
		};
		2B4473E428471E5A00DCC67D /* Products */ = {
			isa = PBXGroup;
			children = (
				2B4473E328471E5A00DCC67D /* Kosar.app */,
				2B4473FE28471E5D00DCC67D /* KosarTests.xctest */,
				2B44740828471E5D00DCC67D /* KosarUITests.xctest */,
			);
			name = Products;
			sourceTree = "<group>";
		};
		2B4473E528471E5A00DCC67D /* Kosar */ = {
			isa = PBXGroup;
			children = (
				2B4473E628471E5A00DCC67D /* AppDelegate.h */,
				2B4473E728471E5A00DCC67D /* AppDelegate.m */,
				2B4473E928471E5A00DCC67D /* SceneDelegate.h */,
				2B4473EA28471E5A00DCC67D /* SceneDelegate.m */,
				2B4473EC28471E5A00DCC67D /* ViewController.h */,
				2B4473ED28471E5A00DCC67D /* ViewController.m */,
				2B4473EF28471E5A00DCC67D /* Main.storyboard */,
				2B4473F228471E5C00DCC67D /* Assets.xcassets */,
				2B4473F428471E5C00DCC67D /* LaunchScreen.storyboard */,
				2B4473F728471E5C00DCC67D /* Info.plist */,
				2B4473F828471E5C00DCC67D /* main.m */,
				2B44741B28471FAC00DCC67D /* JTKMainController.h */,
				2B44741C2847200B00DCC67D /* JTKMainController.m */,
				2B44741E28473CD900DCC67D /* JTKHomeController.h */,
				2B44741F2847412900DCC67D /* JTKHomeController.m */,
				2B447421284790F200DCC67D /* JTKContainerSchemeHelper.h */,
				2B447422284793A800DCC67D /* JTKContainerSchemeHelper.m */,
			);
			path = Kosar;
			sourceTree = "<group>";
		};
		2B44740128471E5D00DCC67D /* KosarTests */ = {
			isa = PBXGroup;
			children = (
				2B44740228471E5D00DCC67D /* KosarTests.m */,
			);
			path = KosarTests;
			sourceTree = "<group>";
		};
		2B44740B28471E5D00DCC67D /* KosarUITests */ = {
			isa = PBXGroup;
			children = (
				2B44740C28471E5D00DCC67D /* KosarUITests.m */,
				2B44740E28471E5D00DCC67D /* KosarUITestsLaunchTests.m */,
			);
			path = KosarUITests;
			sourceTree = "<group>";
		};
		70873D0FDDBBAD546B0A6B40 /* Pods */ = {
			isa = PBXGroup;
			children = (
				4D1C433F2FBC8BF31CF48F33 /* Pods-Kosar.debug.xcconfig */,
				42C0B351D327C7DD23D27904 /* Pods-Kosar.release.xcconfig */,
				417215E5A532946E66792EBF /* Pods-Kosar-KosarUITests.debug.xcconfig */,
				9F70C5C49C980D6B30560090 /* Pods-Kosar-KosarUITests.release.xcconfig */,
				9CF5B46CE65F5B7E1E0D8515 /* Pods-KosarTests.debug.xcconfig */,
				5FB37B0BE871EE855025D90F /* Pods-KosarTests.release.xcconfig */,
			);
			path = Pods;
			sourceTree = "<group>";
		};
		E84990A97D400930016CDA1D /* Frameworks */ = {
			isa = PBXGroup;
			children = (
				73A123F083EF7E2DE2FA4392 /* Pods_Kosar.framework */,
				C6E296520C11AEB8527CA22A /* Pods_Kosar_KosarUITests.framework */,
				64527FE02D2BA87EEE632233 /* Pods_KosarTests.framework */,
			);
			name = Frameworks;
			sourceTree = "<group>";
		};
/* End PBXGroup section */

/* Begin PBXNativeTarget section */
		2B4473E228471E5A00DCC67D /* Kosar */ = {
			isa = PBXNativeTarget;
			buildConfigurationList = 2B44741228471E5D00DCC67D /* Build configuration list for PBXNativeTarget "Kosar" */;
			buildPhases = (
				D66E1CB40126B8A10949FF93 /* [CP] Check Pods Manifest.lock */,
				2B4473DF28471E5A00DCC67D /* Sources */,
				2B4473E028471E5A00DCC67D /* Frameworks */,
				2B4473E128471E5A00DCC67D /* Resources */,
				58EB7EFA926CB5D4DA1DD31E /* [CP] Embed Pods Frameworks */,
			);
			buildRules = (
			);
			dependencies = (
			);
			name = Kosar;
			productName = Kosar;
			productReference = 2B4473E328471E5A00DCC67D /* Kosar.app */;
			productType = "com.apple.product-type.application";
		};
		2B4473FD28471E5D00DCC67D /* KosarTests */ = {
			isa = PBXNativeTarget;
			buildConfigurationList = 2B44741528471E5D00DCC67D /* Build configuration list for PBXNativeTarget "KosarTests" */;
			buildPhases = (
				F875D4FD572050D7CF3FC143 /* [CP] Check Pods Manifest.lock */,
				2B4473FA28471E5D00DCC67D /* Sources */,
				2B4473FB28471E5D00DCC67D /* Frameworks */,
				2B4473FC28471E5D00DCC67D /* Resources */,
			);
			buildRules = (
			);
			dependencies = (
				2B44740028471E5D00DCC67D /* PBXTargetDependency */,
			);
			name = KosarTests;
			productName = KosarTests;
			productReference = 2B4473FE28471E5D00DCC67D /* KosarTests.xctest */;
			productType = "com.apple.product-type.bundle.unit-test";
		};
		2B44740728471E5D00DCC67D /* KosarUITests */ = {
			isa = PBXNativeTarget;
			buildConfigurationList = 2B44741828471E5D00DCC67D /* Build configuration list for PBXNativeTarget "KosarUITests" */;
			buildPhases = (
				2B33F8FBB3D565B31A89CEB3 /* [CP] Check Pods Manifest.lock */,
				2B44740428471E5D00DCC67D /* Sources */,
				2B44740528471E5D00DCC67D /* Frameworks */,
				2B44740628471E5D00DCC67D /* Resources */,
				229721630961BCB03C89CA5E /* [CP] Embed Pods Frameworks */,
			);
			buildRules = (
			);
			dependencies = (
				2B44740A28471E5D00DCC67D /* PBXTargetDependency */,
			);
			name = KosarUITests;
			productName = KosarUITests;
			productReference = 2B44740828471E5D00DCC67D /* KosarUITests.xctest */;
			productType = "com.apple.product-type.bundle.ui-testing";
		};
/* End PBXNativeTarget section */

/* Begin PBXProject section */
		2B4473DB28471E5A00DCC67D /* Project object */ = {
			isa = PBXProject;
			attributes = {
				BuildIndependentTargetsInParallel = 1;
				LastUpgradeCheck = 1330;
				TargetAttributes = {
					2B4473E228471E5A00DCC67D = {
						CreatedOnToolsVersion = 13.3.1;
					};
					2B4473FD28471E5D00DCC67D = {
						CreatedOnToolsVersion = 13.3.1;
						TestTargetID = 2B4473E228471E5A00DCC67D;
					};
					2B44740728471E5D00DCC67D = {
						CreatedOnToolsVersion = 13.3.1;
						TestTargetID = 2B4473E228471E5A00DCC67D;
					};
				};
			};
			buildConfigurationList = 2B4473DE28471E5A00DCC67D /* Build configuration list for PBXProject "Kosar" */;
			compatibilityVersion = "Xcode 13.0";
			developmentRegion = en;
			hasScannedForEncodings = 0;
			knownRegions = (
				en,
				Base,
			);
			mainGroup = 2B4473DA28471E5A00DCC67D;
			productRefGroup = 2B4473E428471E5A00DCC67D /* Products */;
			projectDirPath = "";
			projectRoot = "";
			targets = (
				2B4473E228471E5A00DCC67D /* Kosar */,
				2B4473FD28471E5D00DCC67D /* KosarTests */,
				2B44740728471E5D00DCC67D /* KosarUITests */,
			);
		};
/* End PBXProject section */

/* Begin PBXResourcesBuildPhase section */
		2B4473E128471E5A00DCC67D /* Resources */ = {
			isa = PBXResourcesBuildPhase;
			buildActionMask = 2147483647;
			files = (
				2B4473F628471E5C00DCC67D /* LaunchScreen.storyboard in Resources */,
				2B4473F328471E5C00DCC67D /* Assets.xcassets in Resources */,
				2B4473F128471E5A00DCC67D /* Main.storyboard in Resources */,
			);
			runOnlyForDeploymentPostprocessing = 0;
		};
		2B4473FC28471E5D00DCC67D /* Resources */ = {
			isa = PBXResourcesBuildPhase;
			buildActionMask = 2147483647;
			files = (
			);
			runOnlyForDeploymentPostprocessing = 0;
		};
		2B44740628471E5D00DCC67D /* Resources */ = {
			isa = PBXResourcesBuildPhase;
			buildActionMask = 2147483647;
			files = (
			);
			runOnlyForDeploymentPostprocessing = 0;
		};
/* End PBXResourcesBuildPhase section */

/* Begin PBXShellScriptBuildPhase section */
		229721630961BCB03C89CA5E /* [CP] Embed Pods Frameworks */ = {
			isa = PBXShellScriptBuildPhase;
			buildActionMask = 2147483647;
			files = (
			);
			inputFileListPaths = (
				"${PODS_ROOT}/Target Support Files/Pods-Kosar-KosarUITests/Pods-Kosar-KosarUITests-frameworks-${CONFIGURATION}-input-files.xcfilelist",
			);
			name = "[CP] Embed Pods Frameworks";
			outputFileListPaths = (
				"${PODS_ROOT}/Target Support Files/Pods-Kosar-KosarUITests/Pods-Kosar-KosarUITests-frameworks-${CONFIGURATION}-output-files.xcfilelist",
			);
			runOnlyForDeploymentPostprocessing = 0;
			shellPath = /bin/sh;
			shellScript = "\"${PODS_ROOT}/Target Support Files/Pods-Kosar-KosarUITests/Pods-Kosar-KosarUITests-frameworks.sh\"\n";
			showEnvVarsInLog = 0;
		};
		2B33F8FBB3D565B31A89CEB3 /* [CP] Check Pods Manifest.lock */ = {
			isa = PBXShellScriptBuildPhase;
			buildActionMask = 2147483647;
			files = (
			);
			inputFileListPaths = (
			);
			inputPaths = (
				"${PODS_PODFILE_DIR_PATH}/Podfile.lock",
				"${PODS_ROOT}/Manifest.lock",
			);
			name = "[CP] Check Pods Manifest.lock";
			outputFileListPaths = (
			);
			outputPaths = (
				"$(DERIVED_FILE_DIR)/Pods-Kosar-KosarUITests-checkManifestLockResult.txt",
			);
			runOnlyForDeploymentPostprocessing = 0;
			shellPath = /bin/sh;
			shellScript = "diff \"${PODS_PODFILE_DIR_PATH}/Podfile.lock\" \"${PODS_ROOT}/Manifest.lock\" > /dev/null\nif [ $? != 0 ] ; then\n    # print error to STDERR\n    echo \"error: The sandbox is not in sync with the Podfile.lock. Run 'pod install' or update your CocoaPods installation.\" >&2\n    exit 1\nfi\n# This output is used by Xcode 'outputs' to avoid re-running this script phase.\necho \"SUCCESS\" > \"${SCRIPT_OUTPUT_FILE_0}\"\n";
			showEnvVarsInLog = 0;
		};
		58EB7EFA926CB5D4DA1DD31E /* [CP] Embed Pods Frameworks */ = {
			isa = PBXShellScriptBuildPhase;
			buildActionMask = 2147483647;
			files = (
			);
			inputFileListPaths = (
				"${PODS_ROOT}/Target Support Files/Pods-Kosar/Pods-Kosar-frameworks-${CONFIGURATION}-input-files.xcfilelist",
			);
			name = "[CP] Embed Pods Frameworks";
			outputFileListPaths = (
				"${PODS_ROOT}/Target Support Files/Pods-Kosar/Pods-Kosar-frameworks-${CONFIGURATION}-output-files.xcfilelist",
			);
			runOnlyForDeploymentPostprocessing = 0;
			shellPath = /bin/sh;
			shellScript = "\"${PODS_ROOT}/Target Support Files/Pods-Kosar/Pods-Kosar-frameworks.sh\"\n";
			showEnvVarsInLog = 0;
		};
		D66E1CB40126B8A10949FF93 /* [CP] Check Pods Manifest.lock */ = {
			isa = PBXShellScriptBuildPhase;
			buildActionMask = 2147483647;
			files = (
			);
			inputFileListPaths = (
			);
			inputPaths = (
				"${PODS_PODFILE_DIR_PATH}/Podfile.lock",
				"${PODS_ROOT}/Manifest.lock",
			);
			name = "[CP] Check Pods Manifest.lock";
			outputFileListPaths = (
			);
			outputPaths = (
				"$(DERIVED_FILE_DIR)/Pods-Kosar-checkManifestLockResult.txt",
			);
			runOnlyForDeploymentPostprocessing = 0;
			shellPath = /bin/sh;
			shellScript = "diff \"${PODS_PODFILE_DIR_PATH}/Podfile.lock\" \"${PODS_ROOT}/Manifest.lock\" > /dev/null\nif [ $? != 0 ] ; then\n    # print error to STDERR\n    echo \"error: The sandbox is not in sync with the Podfile.lock. Run 'pod install' or update your CocoaPods installation.\" >&2\n    exit 1\nfi\n# This output is used by Xcode 'outputs' to avoid re-running this script phase.\necho \"SUCCESS\" > \"${SCRIPT_OUTPUT_FILE_0}\"\n";
			showEnvVarsInLog = 0;
		};
		F875D4FD572050D7CF3FC143 /* [CP] Check Pods Manifest.lock */ = {
			isa = PBXShellScriptBuildPhase;
			buildActionMask = 2147483647;
			files = (
			);
			inputFileListPaths = (
			);
			inputPaths = (
				"${PODS_PODFILE_DIR_PATH}/Podfile.lock",
				"${PODS_ROOT}/Manifest.lock",
			);
			name = "[CP] Check Pods Manifest.lock";
			outputFileListPaths = (
			);
			outputPaths = (
				"$(DERIVED_FILE_DIR)/Pods-KosarTests-checkManifestLockResult.txt",
			);
			runOnlyForDeploymentPostprocessing = 0;
			shellPath = /bin/sh;
			shellScript = "diff \"${PODS_PODFILE_DIR_PATH}/Podfile.lock\" \"${PODS_ROOT}/Manifest.lock\" > /dev/null\nif [ $? != 0 ] ; then\n    # print error to STDERR\n    echo \"error: The sandbox is not in sync with the Podfile.lock. Run 'pod install' or update your CocoaPods installation.\" >&2\n    exit 1\nfi\n# This output is used by Xcode 'outputs' to avoid re-running this script phase.\necho \"SUCCESS\" > \"${SCRIPT_OUTPUT_FILE_0}\"\n";
			showEnvVarsInLog = 0;
		};
/* End PBXShellScriptBuildPhase section */

/* Begin PBXSourcesBuildPhase section */
		2B4473DF28471E5A00DCC67D /* Sources */ = {
			isa = PBXSourcesBuildPhase;
			buildActionMask = 2147483647;
			files = (
				2B4473EE28471E5A00DCC67D /* ViewController.m in Sources */,
				2B44741D2847200B00DCC67D /* JTKMainController.m in Sources */,
				2B447423284793A800DCC67D /* JTKContainerSchemeHelper.m in Sources */,
				2B4473E828471E5A00DCC67D /* AppDelegate.m in Sources */,
				2B4473F928471E5C00DCC67D /* main.m in Sources */,
				2B4474202847412900DCC67D /* JTKHomeController.m in Sources */,
				2B4473EB28471E5A00DCC67D /* SceneDelegate.m in Sources */,
			);
			runOnlyForDeploymentPostprocessing = 0;
		};
		2B4473FA28471E5D00DCC67D /* Sources */ = {
			isa = PBXSourcesBuildPhase;
			buildActionMask = 2147483647;
			files = (
				2B44740328471E5D00DCC67D /* KosarTests.m in Sources */,
			);
			runOnlyForDeploymentPostprocessing = 0;
		};
		2B44740428471E5D00DCC67D /* Sources */ = {
			isa = PBXSourcesBuildPhase;
			buildActionMask = 2147483647;
			files = (
				2B44740D28471E5D00DCC67D /* KosarUITests.m in Sources */,
				2B44740F28471E5D00DCC67D /* KosarUITestsLaunchTests.m in Sources */,
			);
			runOnlyForDeploymentPostprocessing = 0;
		};
/* End PBXSourcesBuildPhase section */

/* Begin PBXTargetDependency section */
		2B44740028471E5D00DCC67D /* PBXTargetDependency */ = {
			isa = PBXTargetDependency;
			target = 2B4473E228471E5A00DCC67D /* Kosar */;
			targetProxy = 2B4473FF28471E5D00DCC67D /* PBXContainerItemProxy */;
		};
		2B44740A28471E5D00DCC67D /* PBXTargetDependency */ = {
			isa = PBXTargetDependency;
			target = 2B4473E228471E5A00DCC67D /* Kosar */;
			targetProxy = 2B44740928471E5D00DCC67D /* PBXContainerItemProxy */;
		};
/* End PBXTargetDependency section */

/* Begin PBXVariantGroup section */
		2B4473EF28471E5A00DCC67D /* Main.storyboard */ = {
			isa = PBXVariantGroup;
			children = (
				2B4473F028471E5A00DCC67D /* Base */,
			);
			name = Main.storyboard;
			sourceTree = "<group>";
		};
		2B4473F428471E5C00DCC67D /* LaunchScreen.storyboard */ = {
			isa = PBXVariantGroup;
			children = (
				2B4473F528471E5C00DCC67D /* Base */,
			);
			name = LaunchScreen.storyboard;
			sourceTree = "<group>";
		};
/* End PBXVariantGroup section */

/* Begin XCBuildConfiguration section */
		2B44741028471E5D00DCC67D /* Debug */ = {
			isa = XCBuildConfiguration;
			buildSettings = {
				ALWAYS_SEARCH_USER_PATHS = NO;
				CLANG_ANALYZER_NONNULL = YES;
				CLANG_ANALYZER_NUMBER_OBJECT_CONVERSION = YES_AGGRESSIVE;
				CLANG_CXX_LANGUAGE_STANDARD = "gnu++17";
				CLANG_ENABLE_MODULES = YES;
				CLANG_ENABLE_OBJC_ARC = YES;
				CLANG_ENABLE_OBJC_WEAK = YES;
				CLANG_WARN_BLOCK_CAPTURE_AUTORELEASING = YES;
				CLANG_WARN_BOOL_CONVERSION = YES;
				CLANG_WARN_COMMA = YES;
				CLANG_WARN_CONSTANT_CONVERSION = YES;
				CLANG_WARN_DEPRECATED_OBJC_IMPLEMENTATIONS = YES;
				CLANG_WARN_DIRECT_OBJC_ISA_USAGE = YES_ERROR;
				CLANG_WARN_DOCUMENTATION_COMMENTS = YES;
				CLANG_WARN_EMPTY_BODY = YES;
				CLANG_WARN_ENUM_CONVERSION = YES;
				CLANG_WARN_INFINITE_RECURSION = YES;
				CLANG_WARN_INT_CONVERSION = YES;
				CLANG_WARN_NON_LITERAL_NULL_CONVERSION = YES;
				CLANG_WARN_OBJC_IMPLICIT_RETAIN_SELF = YES;
				CLANG_WARN_OBJC_LITERAL_CONVERSION = YES;
				CLANG_WARN_OBJC_ROOT_CLASS = YES_ERROR;
				CLANG_WARN_QUOTED_INCLUDE_IN_FRAMEWORK_HEADER = YES;
				CLANG_WARN_RANGE_LOOP_ANALYSIS = YES;
				CLANG_WARN_STRICT_PROTOTYPES = YES;
				CLANG_WARN_SUSPICIOUS_MOVE = YES;
				CLANG_WARN_UNGUARDED_AVAILABILITY = YES_AGGRESSIVE;
				CLANG_WARN_UNREACHABLE_CODE = YES;
				CLANG_WARN__DUPLICATE_METHOD_MATCH = YES;
				COPY_PHASE_STRIP = NO;
				DEBUG_INFORMATION_FORMAT = dwarf;
				ENABLE_STRICT_OBJC_MSGSEND = YES;
				ENABLE_TESTABILITY = YES;
				GCC_C_LANGUAGE_STANDARD = gnu11;
				GCC_DYNAMIC_NO_PIC = NO;
				GCC_NO_COMMON_BLOCKS = YES;
				GCC_OPTIMIZATION_LEVEL = 0;
				GCC_PREPROCESSOR_DEFINITIONS = (
					"DEBUG=1",
					"$(inherited)",
				);
				GCC_WARN_64_TO_32_BIT_CONVERSION = YES;
				GCC_WARN_ABOUT_RETURN_TYPE = YES_ERROR;
				GCC_WARN_UNDECLARED_SELECTOR = YES;
				GCC_WARN_UNINITIALIZED_AUTOS = YES_AGGRESSIVE;
				GCC_WARN_UNUSED_FUNCTION = YES;
				GCC_WARN_UNUSED_VARIABLE = YES;
				IPHONEOS_DEPLOYMENT_TARGET = 15.4;
				MTL_ENABLE_DEBUG_INFO = INCLUDE_SOURCE;
				MTL_FAST_MATH = YES;
				ONLY_ACTIVE_ARCH = YES;
				SDKROOT = iphoneos;
			};
			name = Debug;
		};
		2B44741128471E5D00DCC67D /* Release */ = {
			isa = XCBuildConfiguration;
			buildSettings = {
				ALWAYS_SEARCH_USER_PATHS = NO;
				CLANG_ANALYZER_NONNULL = YES;
				CLANG_ANALYZER_NUMBER_OBJECT_CONVERSION = YES_AGGRESSIVE;
				CLANG_CXX_LANGUAGE_STANDARD = "gnu++17";
				CLANG_ENABLE_MODULES = YES;
				CLANG_ENABLE_OBJC_ARC = YES;
				CLANG_ENABLE_OBJC_WEAK = YES;
				CLANG_WARN_BLOCK_CAPTURE_AUTORELEASING = YES;
				CLANG_WARN_BOOL_CONVERSION = YES;
				CLANG_WARN_COMMA = YES;
				CLANG_WARN_CONSTANT_CONVERSION = YES;
				CLANG_WARN_DEPRECATED_OBJC_IMPLEMENTATIONS = YES;
				CLANG_WARN_DIRECT_OBJC_ISA_USAGE = YES_ERROR;
				CLANG_WARN_DOCUMENTATION_COMMENTS = YES;
				CLANG_WARN_EMPTY_BODY = YES;
				CLANG_WARN_ENUM_CONVERSION = YES;
				CLANG_WARN_INFINITE_RECURSION = YES;
				CLANG_WARN_INT_CONVERSION = YES;
				CLANG_WARN_NON_LITERAL_NULL_CONVERSION = YES;
				CLANG_WARN_OBJC_IMPLICIT_RETAIN_SELF = YES;
				CLANG_WARN_OBJC_LITERAL_CONVERSION = YES;
				CLANG_WARN_OBJC_ROOT_CLASS = YES_ERROR;
				CLANG_WARN_QUOTED_INCLUDE_IN_FRAMEWORK_HEADER = YES;
				CLANG_WARN_RANGE_LOOP_ANALYSIS = YES;
				CLANG_WARN_STRICT_PROTOTYPES = YES;
				CLANG_WARN_SUSPICIOUS_MOVE = YES;
				CLANG_WARN_UNGUARDED_AVAILABILITY = YES_AGGRESSIVE;
				CLANG_WARN_UNREACHABLE_CODE = YES;
				CLANG_WARN__DUPLICATE_METHOD_MATCH = YES;
				COPY_PHASE_STRIP = NO;
				DEBUG_INFORMATION_FORMAT = "dwarf-with-dsym";
				ENABLE_NS_ASSERTIONS = NO;
				ENABLE_STRICT_OBJC_MSGSEND = YES;
				GCC_C_LANGUAGE_STANDARD = gnu11;
				GCC_NO_COMMON_BLOCKS = YES;
				GCC_WARN_64_TO_32_BIT_CONVERSION = YES;
				GCC_WARN_ABOUT_RETURN_TYPE = YES_ERROR;
				GCC_WARN_UNDECLARED_SELECTOR = YES;
				GCC_WARN_UNINITIALIZED_AUTOS = YES_AGGRESSIVE;
				GCC_WARN_UNUSED_FUNCTION = YES;
				GCC_WARN_UNUSED_VARIABLE = YES;
				IPHONEOS_DEPLOYMENT_TARGET = 15.4;
				MTL_ENABLE_DEBUG_INFO = NO;
				MTL_FAST_MATH = YES;
				SDKROOT = iphoneos;
				VALIDATE_PRODUCT = YES;
			};
			name = Release;
		};
		2B44741328471E5D00DCC67D /* Debug */ = {
			isa = XCBuildConfiguration;
			baseConfigurationReference = 4D1C433F2FBC8BF31CF48F33 /* Pods-Kosar.debug.xcconfig */;
			buildSettings = {
				ASSETCATALOG_COMPILER_APPICON_NAME = AppIcon;
				ASSETCATALOG_COMPILER_GLOBAL_ACCENT_COLOR_NAME = AccentColor;
				CODE_SIGN_STYLE = Automatic;
				CURRENT_PROJECT_VERSION = 1;
				GENERATE_INFOPLIST_FILE = YES;
				INFOPLIST_FILE = Kosar/Info.plist;
				INFOPLIST_KEY_UIApplicationSupportsIndirectInputEvents = YES;
				INFOPLIST_KEY_UILaunchStoryboardName = LaunchScreen;
				INFOPLIST_KEY_UIMainStoryboardFile = Main;
				INFOPLIST_KEY_UISupportedInterfaceOrientations_iPad = "UIInterfaceOrientationPortrait UIInterfaceOrientationPortraitUpsideDown UIInterfaceOrientationLandscapeLeft UIInterfaceOrientationLandscapeRight";
				INFOPLIST_KEY_UISupportedInterfaceOrientations_iPhone = "UIInterfaceOrientationPortrait UIInterfaceOrientationLandscapeLeft UIInterfaceOrientationLandscapeRight";
				LD_RUNPATH_SEARCH_PATHS = (
					"$(inherited)",
					"@executable_path/Frameworks",
				);
				MARKETING_VERSION = 1.0;
				PRODUCT_BUNDLE_IDENTIFIER = com.jayasting98.Kosar;
				PRODUCT_NAME = "$(TARGET_NAME)";
				SWIFT_EMIT_LOC_STRINGS = YES;
				TARGETED_DEVICE_FAMILY = "1,2";
			};
			name = Debug;
		};
		2B44741428471E5D00DCC67D /* Release */ = {
			isa = XCBuildConfiguration;
			baseConfigurationReference = 42C0B351D327C7DD23D27904 /* Pods-Kosar.release.xcconfig */;
			buildSettings = {
				ASSETCATALOG_COMPILER_APPICON_NAME = AppIcon;
				ASSETCATALOG_COMPILER_GLOBAL_ACCENT_COLOR_NAME = AccentColor;
				CODE_SIGN_STYLE = Automatic;
				CURRENT_PROJECT_VERSION = 1;
				GENERATE_INFOPLIST_FILE = YES;
				INFOPLIST_FILE = Kosar/Info.plist;
				INFOPLIST_KEY_UIApplicationSupportsIndirectInputEvents = YES;
				INFOPLIST_KEY_UILaunchStoryboardName = LaunchScreen;
				INFOPLIST_KEY_UIMainStoryboardFile = Main;
				INFOPLIST_KEY_UISupportedInterfaceOrientations_iPad = "UIInterfaceOrientationPortrait UIInterfaceOrientationPortraitUpsideDown UIInterfaceOrientationLandscapeLeft UIInterfaceOrientationLandscapeRight";
				INFOPLIST_KEY_UISupportedInterfaceOrientations_iPhone = "UIInterfaceOrientationPortrait UIInterfaceOrientationLandscapeLeft UIInterfaceOrientationLandscapeRight";
				LD_RUNPATH_SEARCH_PATHS = (
					"$(inherited)",
					"@executable_path/Frameworks",
				);
				MARKETING_VERSION = 1.0;
				PRODUCT_BUNDLE_IDENTIFIER = com.jayasting98.Kosar;
				PRODUCT_NAME = "$(TARGET_NAME)";
				SWIFT_EMIT_LOC_STRINGS = YES;
				TARGETED_DEVICE_FAMILY = "1,2";
			};
			name = Release;
		};
		2B44741628471E5D00DCC67D /* Debug */ = {
			isa = XCBuildConfiguration;
			baseConfigurationReference = 9CF5B46CE65F5B7E1E0D8515 /* Pods-KosarTests.debug.xcconfig */;
			buildSettings = {
				BUNDLE_LOADER = "$(TEST_HOST)";
				CODE_SIGN_STYLE = Automatic;
				CURRENT_PROJECT_VERSION = 1;
				GENERATE_INFOPLIST_FILE = YES;
				IPHONEOS_DEPLOYMENT_TARGET = 15.4;
				MARKETING_VERSION = 1.0;
				PRODUCT_BUNDLE_IDENTIFIER = com.jayasting98.KosarTests;
				PRODUCT_NAME = "$(TARGET_NAME)";
				SWIFT_EMIT_LOC_STRINGS = NO;
				TARGETED_DEVICE_FAMILY = "1,2";
				TEST_HOST = "$(BUILT_PRODUCTS_DIR)/Kosar.app/Kosar";
			};
			name = Debug;
		};
		2B44741728471E5D00DCC67D /* Release */ = {
			isa = XCBuildConfiguration;
			baseConfigurationReference = 5FB37B0BE871EE855025D90F /* Pods-KosarTests.release.xcconfig */;
			buildSettings = {
				BUNDLE_LOADER = "$(TEST_HOST)";
				CODE_SIGN_STYLE = Automatic;
				CURRENT_PROJECT_VERSION = 1;
				GENERATE_INFOPLIST_FILE = YES;
				IPHONEOS_DEPLOYMENT_TARGET = 15.4;
				MARKETING_VERSION = 1.0;
				PRODUCT_BUNDLE_IDENTIFIER = com.jayasting98.KosarTests;
				PRODUCT_NAME = "$(TARGET_NAME)";
				SWIFT_EMIT_LOC_STRINGS = NO;
				TARGETED_DEVICE_FAMILY = "1,2";
				TEST_HOST = "$(BUILT_PRODUCTS_DIR)/Kosar.app/Kosar";
			};
			name = Release;
		};
		2B44741928471E5D00DCC67D /* Debug */ = {
			isa = XCBuildConfiguration;
			baseConfigurationReference = 417215E5A532946E66792EBF /* Pods-Kosar-KosarUITests.debug.xcconfig */;
			buildSettings = {
				CODE_SIGN_STYLE = Automatic;
				CURRENT_PROJECT_VERSION = 1;
				GENERATE_INFOPLIST_FILE = YES;
				MARKETING_VERSION = 1.0;
				PRODUCT_BUNDLE_IDENTIFIER = com.jayasting98.KosarUITests;
				PRODUCT_NAME = "$(TARGET_NAME)";
				SWIFT_EMIT_LOC_STRINGS = NO;
				TARGETED_DEVICE_FAMILY = "1,2";
				TEST_TARGET_NAME = Kosar;
			};
			name = Debug;
		};
		2B44741A28471E5D00DCC67D /* Release */ = {
			isa = XCBuildConfiguration;
			baseConfigurationReference = 9F70C5C49C980D6B30560090 /* Pods-Kosar-KosarUITests.release.xcconfig */;
			buildSettings = {
				CODE_SIGN_STYLE = Automatic;
				CURRENT_PROJECT_VERSION = 1;
				GENERATE_INFOPLIST_FILE = YES;
				MARKETING_VERSION = 1.0;
				PRODUCT_BUNDLE_IDENTIFIER = com.jayasting98.KosarUITests;
				PRODUCT_NAME = "$(TARGET_NAME)";
				SWIFT_EMIT_LOC_STRINGS = NO;
				TARGETED_DEVICE_FAMILY = "1,2";
				TEST_TARGET_NAME = Kosar;
			};
			name = Release;
		};
/* End XCBuildConfiguration section */

/* Begin XCConfigurationList section */
		2B4473DE28471E5A00DCC67D /* Build configuration list for PBXProject "Kosar" */ = {
			isa = XCConfigurationList;
			buildConfigurations = (
				2B44741028471E5D00DCC67D /* Debug */,
				2B44741128471E5D00DCC67D /* Release */,
			);
			defaultConfigurationIsVisible = 0;
			defaultConfigurationName = Release;
		};
		2B44741228471E5D00DCC67D /* Build configuration list for PBXNativeTarget "Kosar" */ = {
			isa = XCConfigurationList;
			buildConfigurations = (
				2B44741328471E5D00DCC67D /* Debug */,
				2B44741428471E5D00DCC67D /* Release */,
			);
			defaultConfigurationIsVisible = 0;
			defaultConfigurationName = Release;
		};
		2B44741528471E5D00DCC67D /* Build configuration list for PBXNativeTarget "KosarTests" */ = {
			isa = XCConfigurationList;
			buildConfigurations = (
				2B44741628471E5D00DCC67D /* Debug */,
				2B44741728471E5D00DCC67D /* Release */,
			);
			defaultConfigurationIsVisible = 0;
			defaultConfigurationName = Release;
		};
		2B44741828471E5D00DCC67D /* Build configuration list for PBXNativeTarget "KosarUITests" */ = {
			isa = XCConfigurationList;
			buildConfigurations = (
				2B44741928471E5D00DCC67D /* Debug */,
				2B44741A28471E5D00DCC67D /* Release */,
			);
			defaultConfigurationIsVisible = 0;
			defaultConfigurationName = Release;
		};
/* End XCConfigurationList section */
	};
	rootObject = 2B4473DB28471E5A00DCC67D /* Project object */;
}
